
Microsoft Visual Studio Solution File, Format Version 12.00
# Visual Studio Version 17
VisualStudioVersion = 17.0.31903.59
MinimumVisualStudioVersion = 10.0.40219.1
Project("{FAE04EC0-301F-11D3-BF4B-00C04F79EFBC}") = "LegalNic.Api", "LegalNic.Api\LegalNic.Api.csproj", "{DEBAB58A-7D50-4830-BB84-DD3B5DE5A2D9}"
EndProject
Project("{FAE04EC0-301F-11D3-BF4B-00C04F79EFBC}") = "LegalNic.Application", "LegalNic.Application\LegalNic.Application.csproj", "{1B7C604B-857B-47EA-93F5-36EAA95F7A24}"
EndProject
Project("{FAE04EC0-301F-11D3-BF4B-00C04F79EFBC}") = "LegalNic.Domain", "LegalNic.Domain\LegalNic.Domain.csproj", "{AB5E396A-73FC-4E22-9AB0-390D2DE2B080}"
EndProject
Project("{FAE04EC0-301F-11D3-BF4B-00C04F79EFBC}") = "LegalNic.Infrastructure", "LegalNic.Infrastructure\LegalNic.Infrastructure.csproj", "{8E94ECF4-1C76-4147-B647-D84F8BF1BF89}"
EndProject
Project("{FAE04EC0-301F-11D3-BF4B-00C04F79EFBC}") = "LegalNic.Tests", "LegalNic.Tests\LegalNic.Tests.csproj", "{4F0427F5-D1B5-4A91-98EE-BA3685CFC24A}"
EndProject
Global
	GlobalSection(SolutionConfigurationPlatforms) = preSolution
		Debug|Any CPU = Debug|Any CPU
		Debug|x64 = Debug|x64
		Debug|x86 = Debug|x86
		Release|Any CPU = Release|Any CPU
		Release|x64 = Release|x64
		Release|x86 = Release|x86
	EndGlobalSection
	GlobalSection(ProjectConfigurationPlatforms) = postSolution
		{DEBAB58A-7D50-4830-BB84-DD3B5DE5A2D9}.Debug|Any CPU.ActiveCfg = Debug|Any CPU
		{DEBAB58A-7D50-4830-BB84-DD3B5DE5A2D9}.Debug|Any CPU.Build.0 = Debug|Any CPU
		{DEBAB58A-7D50-4830-BB84-DD3B5DE5A2D9}.Debug|x64.ActiveCfg = Debug|Any CPU
		{DEBAB58A-7D50-4830-BB84-DD3B5DE5A2D9}.Debug|x64.Build.0 = Debug|Any CPU
		{DEBAB58A-7D50-4830-BB84-DD3B5DE5A2D9}.Debug|x86.ActiveCfg = Debug|Any CPU
		{DEBAB58A-7D50-4830-BB84-DD3B5DE5A2D9}.Debug|x86.Build.0 = Debug|Any CPU
		{DEBAB58A-7D50-4830-BB84-DD3B5DE5A2D9}.Release|Any CPU.ActiveCfg = Release|Any CPU
		{DEBAB58A-7D50-4830-BB84-DD3B5DE5A2D9}.Release|Any CPU.Build.0 = Release|Any CPU
		{DEBAB58A-7D50-4830-BB84-DD3B5DE5A2D9}.Release|x64.ActiveCfg = Release|Any CPU
		{DEBAB58A-7D50-4830-BB84-DD3B5DE5A2D9}.Release|x64.Build.0 = Release|Any CPU
		{DEBAB58A-7D50-4830-BB84-DD3B5DE5A2D9}.Release|x86.ActiveCfg = Release|Any CPU
		{DEBAB58A-7D50-4830-BB84-DD3B5DE5A2D9}.Release|x86.Build.0 = Release|Any CPU
		{1B7C604B-857B-47EA-93F5-36EAA95F7A24}.Debug|Any CPU.ActiveCfg = Debug|Any CPU
		{1B7C604B-857B-47EA-93F5-36EAA95F7A24}.Debug|Any CPU.Build.0 = Debug|Any CPU
		{1B7C604B-857B-47EA-93F5-36EAA95F7A24}.Debug|x64.ActiveCfg = Debug|Any CPU
		{1B7C604B-857B-47EA-93F5-36EAA95F7A24}.Debug|x64.Build.0 = Debug|Any CPU
		{1B7C604B-857B-47EA-93F5-36EAA95F7A24}.Debug|x86.ActiveCfg = Debug|Any CPU
		{1B7C604B-857B-47EA-93F5-36EAA95F7A24}.Debug|x86.Build.0 = Debug|Any CPU
		{1B7C604B-857B-47EA-93F5-36EAA95F7A24}.Release|Any CPU.ActiveCfg = Release|Any CPU
		{1B7C604B-857B-47EA-93F5-36EAA95F7A24}.Release|Any CPU.Build.0 = Release|Any CPU
		{1B7C604B-857B-47EA-93F5-36EAA95F7A24}.Release|x64.ActiveCfg = Release|Any CPU
		{1B7C604B-857B-47EA-93F5-36EAA95F7A24}.Release|x64.Build.0 = Release|Any CPU
		{1B7C604B-857B-47EA-93F5-36EAA95F7A24}.Release|x86.ActiveCfg = Release|Any CPU
		{1B7C604B-857B-47EA-93F5-36EAA95F7A24}.Release|x86.Build.0 = Release|Any CPU
		{AB5E396A-73FC-4E22-9AB0-390D2DE2B080}.Debug|Any CPU.ActiveCfg = Debug|Any CPU
		{AB5E396A-73FC-4E22-9AB0-390D2DE2B080}.Debug|Any CPU.Build.0 = Debug|Any CPU
		{AB5E396A-73FC-4E22-9AB0-390D2DE2B080}.Debug|x64.ActiveCfg = Debug|Any CPU
		{AB5E396A-73FC-4E22-9AB0-390D2DE2B080}.Debug|x64.Build.0 = Debug|Any CPU
		{AB5E396A-73FC-4E22-9AB0-390D2DE2B080}.Debug|x86.ActiveCfg = Debug|Any CPU
		{AB5E396A-73FC-4E22-9AB0-390D2DE2B080}.Debug|x86.Build.0 = Debug|Any CPU
		{AB5E396A-73FC-4E22-9AB0-390D2DE2B080}.Release|Any CPU.ActiveCfg = Release|Any CPU
		{AB5E396A-73FC-4E22-9AB0-390D2DE2B080}.Release|Any CPU.Build.0 = Release|Any CPU
		{AB5E396A-73FC-4E22-9AB0-390D2DE2B080}.Release|x64.ActiveCfg = Release|Any CPU
		{AB5E396A-73FC-4E22-9AB0-390D2DE2B080}.Release|x64.Build.0 = Release|Any CPU
		{AB5E396A-73FC-4E22-9AB0-390D2DE2B080}.Release|x86.ActiveCfg = Release|Any CPU
		{AB5E396A-73FC-4E22-9AB0-390D2DE2B080}.Release|x86.Build.0 = Release|Any CPU
		{8E94ECF4-1C76-4147-B647-D84F8BF1BF89}.Debug|Any CPU.ActiveCfg = Debug|Any CPU
		{8E94ECF4-1C76-4147-B647-D84F8BF1BF89}.Debug|Any CPU.Build.0 = Debug|Any CPU
		{8E94ECF4-1C76-4147-B647-D84F8BF1BF89}.Debug|x64.ActiveCfg = Debug|Any CPU
		{8E94ECF4-1C76-4147-B647-D84F8BF1BF89}.Debug|x64.Build.0 = Debug|Any CPU
		{8E94ECF4-1C76-4147-B647-D84F8BF1BF89}.Debug|x86.ActiveCfg = Debug|Any CPU
		{8E94ECF4-1C76-4147-B647-D84F8BF1BF89}.Debug|x86.Build.0 = Debug|Any CPU
		{8E94ECF4-1C76-4147-B647-D84F8BF1BF89}.Release|Any CPU.ActiveCfg = Release|Any CPU
		{8E94ECF4-1C76-4147-B647-D84F8BF1BF89}.Release|Any CPU.Build.0 = Release|Any CPU
		{8E94ECF4-1C76-4147-B647-D84F8BF1BF89}.Release|x64.ActiveCfg = Release|Any CPU
		{8E94ECF4-1C76-4147-B647-D84F8BF1BF89}.Release|x64.Build.0 = Release|Any CPU
		{8E94ECF4-1C76-4147-B647-D84F8BF1BF89}.Release|x86.ActiveCfg = Release|Any CPU
		{8E94ECF4-1C76-4147-B647-D84F8BF1BF89}.Release|x86.Build.0 = Release|Any CPU
		{4F0427F5-D1B5-4A91-98EE-BA3685CFC24A}.Debug|Any CPU.ActiveCfg = Debug|Any CPU
		{4F0427F5-D1B5-4A91-98EE-BA3685CFC24A}.Debug|Any CPU.Build.0 = Debug|Any CPU
		{4F0427F5-D1B5-4A91-98EE-BA3685CFC24A}.Debug|x64.ActiveCfg = Debug|Any CPU
		{4F0427F5-D1B5-4A91-98EE-BA3685CFC24A}.Debug|x64.Build.0 = Debug|Any CPU
		{4F0427F5-D1B5-4A91-98EE-BA3685CFC24A}.Debug|x86.ActiveCfg = Debug|Any CPU
		{4F0427F5-D1B5-4A91-98EE-BA3685CFC24A}.Debug|x86.Build.0 = Debug|Any CPU
		{4F0427F5-D1B5-4A91-98EE-BA3685CFC24A}.Release|Any CPU.ActiveCfg = Release|Any CPU
		{4F0427F5-D1B5-4A91-98EE-BA3685CFC24A}.Release|Any CPU.Build.0 = Release|Any CPU
		{4F0427F5-D1B5-4A91-98EE-BA3685CFC24A}.Release|x64.ActiveCfg = Release|Any CPU
		{4F0427F5-D1B5-4A91-98EE-BA3685CFC24A}.Release|x64.Build.0 = Release|Any CPU
		{4F0427F5-D1B5-4A91-98EE-BA3685CFC24A}.Release|x86.ActiveCfg = Release|Any CPU
		{4F0427F5-D1B5-4A91-98EE-BA3685CFC24A}.Release|x86.Build.0 = Release|Any CPU
	EndGlobalSection
	GlobalSection(SolutionProperties) = preSolution
		HideSolutionNode = FALSE
	EndGlobalSection
EndGlobal
